
Microsoft Visual Studio Solution File, Format Version 12.00
# Visual Studio Version 16
VisualStudioVersion = 16.0.31702.278
MinimumVisualStudioVersion = 10.0.40219.1
Project("{8BC9CEB8-8B4A-11D0-8D11-00A0C91BC942}") = "Lab4.4", "Lab4.4\Lab4.4.vcxproj", "{75690C61-11A3-4D22-BF6E-2448098BCBC1}"
EndProject
Global
	GlobalSection(SolutionConfigurationPlatforms) = preSolution
		Debug|x64 = Debug|x64
		Debug|x86 = Debug|x86
		Release|x64 = Release|x64
		Release|x86 = Release|x86
	EndGlobalSection
	GlobalSection(ProjectConfigurationPlatforms) = postSolution
		{75690C61-11A3-4D22-BF6E-2448098BCBC1}.Debug|x64.ActiveCfg = Debug|x64
		{75690C61-11A3-4D22-BF6E-2448098BCBC1}.Debug|x64.Build.0 = Debug|x64
		{75690C61-11A3-4D22-BF6E-2448098BCBC1}.Debug|x86.ActiveCfg = Debug|Win32
		{75690C61-11A3-4D22-BF6E-2448098BCBC1}.Debug|x86.Build.0 = Debug|Win32
		{75690C61-11A3-4D22-BF6E-2448098BCBC1}.Release|x64.ActiveCfg = Release|x64
		{75690C61-11A3-4D22-BF6E-2448098BCBC1}.Release|x64.Build.0 = Release|x64
		{75690C61-11A3-4D22-BF6E-2448098BCBC1}.Release|x86.ActiveCfg = Release|Win32
		{75690C61-11A3-4D22-BF6E-2448098BCBC1}.Release|x86.Build.0 = Release|Win32
	EndGlobalSection
	GlobalSection(SolutionProperties) = preSolution
		HideSolutionNode = FALSE
	EndGlobalSection
	GlobalSection(ExtensibilityGlobals) = postSolution
		SolutionGuid = {912B3A6D-EB87-4ED4-ACA1-04FF86E0466D}
	EndGlobalSection
EndGlobal
